
Microsoft Visual Studio Solution File, Format Version 12.00
# Visual Studio Version 17
VisualStudioVersion = 17.7.34031.279
MinimumVisualStudioVersion = 10.0.40219.1
Project("{8BC9CEB8-8B4A-11D0-8D11-00A0C91BC942}") = "链表_相交链表", "链表_相交链表\链表_相交链表.vcxproj", "{423F74EF-115E-4AAC-8254-AC1646F419D6}"
EndProject
Global
	GlobalSection(SolutionConfigurationPlatforms) = preSolution
		Debug|x64 = Debug|x64
		Debug|x86 = Debug|x86
		Release|x64 = Release|x64
		Release|x86 = Release|x86
	EndGlobalSection
	GlobalSection(ProjectConfigurationPlatforms) = postSolution
		{423F74EF-115E-4AAC-8254-AC1646F419D6}.Debug|x64.ActiveCfg = Debug|x64
		{423F74EF-115E-4AAC-8254-AC1646F419D6}.Debug|x64.Build.0 = Debug|x64
		{423F74EF-115E-4AAC-8254-AC1646F419D6}.Debug|x86.ActiveCfg = Debug|Win32
		{423F74EF-115E-4AAC-8254-AC1646F419D6}.Debug|x86.Build.0 = Debug|Win32
		{423F74EF-115E-4AAC-8254-AC1646F419D6}.Release|x64.ActiveCfg = Release|x64
		{423F74EF-115E-4AAC-8254-AC1646F419D6}.Release|x64.Build.0 = Release|x64
		{423F74EF-115E-4AAC-8254-AC1646F419D6}.Release|x86.ActiveCfg = Release|Win32
		{423F74EF-115E-4AAC-8254-AC1646F419D6}.Release|x86.Build.0 = Release|Win32
	EndGlobalSection
	GlobalSection(SolutionProperties) = preSolution
		HideSolutionNode = FALSE
	EndGlobalSection
	GlobalSection(ExtensibilityGlobals) = postSolution
		SolutionGuid = {30A63CC7-5378-4CF9-B699-5BD7EF3BC5EA}
	EndGlobalSection
EndGlobal
