
Microsoft Visual Studio Solution File, Format Version 12.00
# Visual Studio Version 17
VisualStudioVersion = 17.7.34031.279
MinimumVisualStudioVersion = 10.0.40219.1
Project("{8BC9CEB8-8B4A-11D0-8D11-00A0C91BC942}") = "力扣_删除有序数组中的重复项", "力扣_删除有序数组中的重复项\力扣_删除有序数组中的重复项.vcxproj", "{2C59F754-B16A-46AD-9FE8-1FB657B2D783}"
EndProject
Global
	GlobalSection(SolutionConfigurationPlatforms) = preSolution
		Debug|x64 = Debug|x64
		Debug|x86 = Debug|x86
		Release|x64 = Release|x64
		Release|x86 = Release|x86
	EndGlobalSection
	GlobalSection(ProjectConfigurationPlatforms) = postSolution
		{2C59F754-B16A-46AD-9FE8-1FB657B2D783}.Debug|x64.ActiveCfg = Debug|x64
		{2C59F754-B16A-46AD-9FE8-1FB657B2D783}.Debug|x64.Build.0 = Debug|x64
		{2C59F754-B16A-46AD-9FE8-1FB657B2D783}.Debug|x86.ActiveCfg = Debug|Win32
		{2C59F754-B16A-46AD-9FE8-1FB657B2D783}.Debug|x86.Build.0 = Debug|Win32
		{2C59F754-B16A-46AD-9FE8-1FB657B2D783}.Release|x64.ActiveCfg = Release|x64
		{2C59F754-B16A-46AD-9FE8-1FB657B2D783}.Release|x64.Build.0 = Release|x64
		{2C59F754-B16A-46AD-9FE8-1FB657B2D783}.Release|x86.ActiveCfg = Release|Win32
		{2C59F754-B16A-46AD-9FE8-1FB657B2D783}.Release|x86.Build.0 = Release|Win32
	EndGlobalSection
	GlobalSection(SolutionProperties) = preSolution
		HideSolutionNode = FALSE
	EndGlobalSection
	GlobalSection(ExtensibilityGlobals) = postSolution
		SolutionGuid = {58B67B6B-DC66-4CE0-A684-C70838A99AF8}
	EndGlobalSection
EndGlobal
