
Microsoft Visual Studio Solution File, Format Version 12.00
# Visual Studio Version 17
VisualStudioVersion = 17.7.34031.279
MinimumVisualStudioVersion = 10.0.40219.1
Project("{8BC9CEB8-8B4A-11D0-8D11-00A0C91BC942}") = "爱心", "爱心\爱心.vcxproj", "{452837A9-4DA1-4556-8C78-274FC9BAADFC}"
EndProject
Global
	GlobalSection(SolutionConfigurationPlatforms) = preSolution
		Debug|x64 = Debug|x64
		Debug|x86 = Debug|x86
		Release|x64 = Release|x64
		Release|x86 = Release|x86
	EndGlobalSection
	GlobalSection(ProjectConfigurationPlatforms) = postSolution
		{452837A9-4DA1-4556-8C78-274FC9BAADFC}.Debug|x64.ActiveCfg = Debug|x64
		{452837A9-4DA1-4556-8C78-274FC9BAADFC}.Debug|x64.Build.0 = Debug|x64
		{452837A9-4DA1-4556-8C78-274FC9BAADFC}.Debug|x86.ActiveCfg = Debug|Win32
		{452837A9-4DA1-4556-8C78-274FC9BAADFC}.Debug|x86.Build.0 = Debug|Win32
		{452837A9-4DA1-4556-8C78-274FC9BAADFC}.Release|x64.ActiveCfg = Release|x64
		{452837A9-4DA1-4556-8C78-274FC9BAADFC}.Release|x64.Build.0 = Release|x64
		{452837A9-4DA1-4556-8C78-274FC9BAADFC}.Release|x86.ActiveCfg = Release|Win32
		{452837A9-4DA1-4556-8C78-274FC9BAADFC}.Release|x86.Build.0 = Release|Win32
	EndGlobalSection
	GlobalSection(SolutionProperties) = preSolution
		HideSolutionNode = FALSE
	EndGlobalSection
	GlobalSection(ExtensibilityGlobals) = postSolution
		SolutionGuid = {FCB75F76-CCBD-4D45-B0F9-AD5D5CD8946A}
	EndGlobalSection
EndGlobal
