
Microsoft Visual Studio Solution File, Format Version 12.00
# Visual Studio Version 17
VisualStudioVersion = 17.7.34031.279
MinimumVisualStudioVersion = 10.0.40219.1
Project("{8BC9CEB8-8B4A-11D0-8D11-00A0C91BC942}") = "蓝桥杯_九进制转十进制", "蓝桥杯_九进制转十进制\蓝桥杯_九进制转十进制.vcxproj", "{ECA10100-D08A-4020-BD16-6E013858CC45}"
EndProject
Global
	GlobalSection(SolutionConfigurationPlatforms) = preSolution
		Debug|x64 = Debug|x64
		Debug|x86 = Debug|x86
		Release|x64 = Release|x64
		Release|x86 = Release|x86
	EndGlobalSection
	GlobalSection(ProjectConfigurationPlatforms) = postSolution
		{ECA10100-D08A-4020-BD16-6E013858CC45}.Debug|x64.ActiveCfg = Debug|x64
		{ECA10100-D08A-4020-BD16-6E013858CC45}.Debug|x64.Build.0 = Debug|x64
		{ECA10100-D08A-4020-BD16-6E013858CC45}.Debug|x86.ActiveCfg = Debug|Win32
		{ECA10100-D08A-4020-BD16-6E013858CC45}.Debug|x86.Build.0 = Debug|Win32
		{ECA10100-D08A-4020-BD16-6E013858CC45}.Release|x64.ActiveCfg = Release|x64
		{ECA10100-D08A-4020-BD16-6E013858CC45}.Release|x64.Build.0 = Release|x64
		{ECA10100-D08A-4020-BD16-6E013858CC45}.Release|x86.ActiveCfg = Release|Win32
		{ECA10100-D08A-4020-BD16-6E013858CC45}.Release|x86.Build.0 = Release|Win32
	EndGlobalSection
	GlobalSection(SolutionProperties) = preSolution
		HideSolutionNode = FALSE
	EndGlobalSection
	GlobalSection(ExtensibilityGlobals) = postSolution
		SolutionGuid = {B132AC06-B05A-4698-A600-6F438AA68044}
	EndGlobalSection
EndGlobal
