
Microsoft Visual Studio Solution File, Format Version 12.00
# Visual Studio Version 17
VisualStudioVersion = 17.7.34031.279
MinimumVisualStudioVersion = 10.0.40219.1
Project("{8BC9CEB8-8B4A-11D0-8D11-00A0C91BC942}") = "二分查找", "二分查找\二分查找.vcxproj", "{BC57730B-8BC9-406C-80FC-553591855FD2}"
EndProject
Global
	GlobalSection(SolutionConfigurationPlatforms) = preSolution
		Debug|x64 = Debug|x64
		Debug|x86 = Debug|x86
		Release|x64 = Release|x64
		Release|x86 = Release|x86
	EndGlobalSection
	GlobalSection(ProjectConfigurationPlatforms) = postSolution
		{BC57730B-8BC9-406C-80FC-553591855FD2}.Debug|x64.ActiveCfg = Debug|x64
		{BC57730B-8BC9-406C-80FC-553591855FD2}.Debug|x64.Build.0 = Debug|x64
		{BC57730B-8BC9-406C-80FC-553591855FD2}.Debug|x86.ActiveCfg = Debug|Win32
		{BC57730B-8BC9-406C-80FC-553591855FD2}.Debug|x86.Build.0 = Debug|Win32
		{BC57730B-8BC9-406C-80FC-553591855FD2}.Release|x64.ActiveCfg = Release|x64
		{BC57730B-8BC9-406C-80FC-553591855FD2}.Release|x64.Build.0 = Release|x64
		{BC57730B-8BC9-406C-80FC-553591855FD2}.Release|x86.ActiveCfg = Release|Win32
		{BC57730B-8BC9-406C-80FC-553591855FD2}.Release|x86.Build.0 = Release|Win32
	EndGlobalSection
	GlobalSection(SolutionProperties) = preSolution
		HideSolutionNode = FALSE
	EndGlobalSection
	GlobalSection(ExtensibilityGlobals) = postSolution
		SolutionGuid = {9D6C4421-5F73-4D58-9802-3480AF5B55B2}
	EndGlobalSection
EndGlobal
