
Microsoft Visual Studio Solution File, Format Version 12.00
# Visual Studio Version 17
VisualStudioVersion = 17.7.34031.279
MinimumVisualStudioVersion = 10.0.40219.1
Project("{8BC9CEB8-8B4A-11D0-8D11-00A0C91BC942}") = "扫雷", "扫雷\扫雷.vcxproj", "{028F57F4-04FF-4CBF-A9D0-3B1225B9FEAF}"
EndProject
Global
	GlobalSection(SolutionConfigurationPlatforms) = preSolution
		Debug|x64 = Debug|x64
		Debug|x86 = Debug|x86
		Release|x64 = Release|x64
		Release|x86 = Release|x86
	EndGlobalSection
	GlobalSection(ProjectConfigurationPlatforms) = postSolution
		{028F57F4-04FF-4CBF-A9D0-3B1225B9FEAF}.Debug|x64.ActiveCfg = Debug|x64
		{028F57F4-04FF-4CBF-A9D0-3B1225B9FEAF}.Debug|x64.Build.0 = Debug|x64
		{028F57F4-04FF-4CBF-A9D0-3B1225B9FEAF}.Debug|x86.ActiveCfg = Debug|Win32
		{028F57F4-04FF-4CBF-A9D0-3B1225B9FEAF}.Debug|x86.Build.0 = Debug|Win32
		{028F57F4-04FF-4CBF-A9D0-3B1225B9FEAF}.Release|x64.ActiveCfg = Release|x64
		{028F57F4-04FF-4CBF-A9D0-3B1225B9FEAF}.Release|x64.Build.0 = Release|x64
		{028F57F4-04FF-4CBF-A9D0-3B1225B9FEAF}.Release|x86.ActiveCfg = Release|Win32
		{028F57F4-04FF-4CBF-A9D0-3B1225B9FEAF}.Release|x86.Build.0 = Release|Win32
	EndGlobalSection
	GlobalSection(SolutionProperties) = preSolution
		HideSolutionNode = FALSE
	EndGlobalSection
	GlobalSection(ExtensibilityGlobals) = postSolution
		SolutionGuid = {7B07D4A6-B906-4DC5-BBF4-1606DE9F5C02}
	EndGlobalSection
EndGlobal
