
Microsoft Visual Studio Solution File, Format Version 12.00
# Visual Studio Version 17
VisualStudioVersion = 17.7.34031.279
MinimumVisualStudioVersion = 10.0.40219.1
Project("{8BC9CEB8-8B4A-11D0-8D11-00A0C91BC942}") = "链表_倒数第k个节点", "链表_倒数第k个节点\链表_倒数第k个节点.vcxproj", "{0747DDF8-55A5-4563-AB3D-BEB6DAAF999F}"
EndProject
Global
	GlobalSection(SolutionConfigurationPlatforms) = preSolution
		Debug|x64 = Debug|x64
		Debug|x86 = Debug|x86
		Release|x64 = Release|x64
		Release|x86 = Release|x86
	EndGlobalSection
	GlobalSection(ProjectConfigurationPlatforms) = postSolution
		{0747DDF8-55A5-4563-AB3D-BEB6DAAF999F}.Debug|x64.ActiveCfg = Debug|x64
		{0747DDF8-55A5-4563-AB3D-BEB6DAAF999F}.Debug|x64.Build.0 = Debug|x64
		{0747DDF8-55A5-4563-AB3D-BEB6DAAF999F}.Debug|x86.ActiveCfg = Debug|Win32
		{0747DDF8-55A5-4563-AB3D-BEB6DAAF999F}.Debug|x86.Build.0 = Debug|Win32
		{0747DDF8-55A5-4563-AB3D-BEB6DAAF999F}.Release|x64.ActiveCfg = Release|x64
		{0747DDF8-55A5-4563-AB3D-BEB6DAAF999F}.Release|x64.Build.0 = Release|x64
		{0747DDF8-55A5-4563-AB3D-BEB6DAAF999F}.Release|x86.ActiveCfg = Release|Win32
		{0747DDF8-55A5-4563-AB3D-BEB6DAAF999F}.Release|x86.Build.0 = Release|Win32
	EndGlobalSection
	GlobalSection(SolutionProperties) = preSolution
		HideSolutionNode = FALSE
	EndGlobalSection
	GlobalSection(ExtensibilityGlobals) = postSolution
		SolutionGuid = {3036F392-7A71-42C0-93BC-0136FE9FEFB7}
	EndGlobalSection
EndGlobal
