
Microsoft Visual Studio Solution File, Format Version 12.00
# Visual Studio Version 17
VisualStudioVersion = 17.7.34031.279
MinimumVisualStudioVersion = 10.0.40219.1
Project("{8BC9CEB8-8B4A-11D0-8D11-00A0C91BC942}") = "插入排序", "插入排序\插入排序.vcxproj", "{F00E63B5-6EB1-49DC-9C73-183289473E8F}"
EndProject
Global
	GlobalSection(SolutionConfigurationPlatforms) = preSolution
		Debug|x64 = Debug|x64
		Debug|x86 = Debug|x86
		Release|x64 = Release|x64
		Release|x86 = Release|x86
	EndGlobalSection
	GlobalSection(ProjectConfigurationPlatforms) = postSolution
		{F00E63B5-6EB1-49DC-9C73-183289473E8F}.Debug|x64.ActiveCfg = Debug|x64
		{F00E63B5-6EB1-49DC-9C73-183289473E8F}.Debug|x64.Build.0 = Debug|x64
		{F00E63B5-6EB1-49DC-9C73-183289473E8F}.Debug|x86.ActiveCfg = Debug|Win32
		{F00E63B5-6EB1-49DC-9C73-183289473E8F}.Debug|x86.Build.0 = Debug|Win32
		{F00E63B5-6EB1-49DC-9C73-183289473E8F}.Release|x64.ActiveCfg = Release|x64
		{F00E63B5-6EB1-49DC-9C73-183289473E8F}.Release|x64.Build.0 = Release|x64
		{F00E63B5-6EB1-49DC-9C73-183289473E8F}.Release|x86.ActiveCfg = Release|Win32
		{F00E63B5-6EB1-49DC-9C73-183289473E8F}.Release|x86.Build.0 = Release|Win32
	EndGlobalSection
	GlobalSection(SolutionProperties) = preSolution
		HideSolutionNode = FALSE
	EndGlobalSection
	GlobalSection(ExtensibilityGlobals) = postSolution
		SolutionGuid = {6C80B9FA-8485-41DB-9886-C9701CB31998}
	EndGlobalSection
EndGlobal
